
Microsoft Visual Studio Solution File, Format Version 12.00
# Visual Studio Version 16
VisualStudioVersion = 16.0.29306.81
MinimumVisualStudioVersion = 10.0.40219.1
Project("{FAE04EC0-301F-11D3-BF4B-00C04F79EFBC}") = "Codificador de palabras", "Codificador de palabras\Codificador de palabras.csproj", "{B52D74CD-A139-4027-BF0F-8A7CFD5DE4B2}"
EndProject
Project("{FAE04EC0-301F-11D3-BF4B-00C04F79EFBC}") = "Frases de prueba", "Frases de prueba\Frases de prueba.csproj", "{CDA2E4EE-2666-4142-865E-12A023AA3C0F}"
EndProject
Global
	GlobalSection(SolutionConfigurationPlatforms) = preSolution
		Debug|Any CPU = Debug|Any CPU
		Release|Any CPU = Release|Any CPU
	EndGlobalSection
	GlobalSection(ProjectConfigurationPlatforms) = postSolution
		{B52D74CD-A139-4027-BF0F-8A7CFD5DE4B2}.Debug|Any CPU.ActiveCfg = Debug|Any CPU
		{B52D74CD-A139-4027-BF0F-8A7CFD5DE4B2}.Debug|Any CPU.Build.0 = Debug|Any CPU
		{B52D74CD-A139-4027-BF0F-8A7CFD5DE4B2}.Release|Any CPU.ActiveCfg = Release|Any CPU
		{B52D74CD-A139-4027-BF0F-8A7CFD5DE4B2}.Release|Any CPU.Build.0 = Release|Any CPU
		{CDA2E4EE-2666-4142-865E-12A023AA3C0F}.Debug|Any CPU.ActiveCfg = Debug|Any CPU
		{CDA2E4EE-2666-4142-865E-12A023AA3C0F}.Debug|Any CPU.Build.0 = Debug|Any CPU
		{CDA2E4EE-2666-4142-865E-12A023AA3C0F}.Release|Any CPU.ActiveCfg = Release|Any CPU
		{CDA2E4EE-2666-4142-865E-12A023AA3C0F}.Release|Any CPU.Build.0 = Release|Any CPU
	EndGlobalSection
	GlobalSection(SolutionProperties) = preSolution
		HideSolutionNode = FALSE
	EndGlobalSection
	GlobalSection(ExtensibilityGlobals) = postSolution
		SolutionGuid = {8296A2FF-32E5-4E66-8C92-2A72230C02FD}
	EndGlobalSection
EndGlobal
